// !$*UTF8*$!
{
	archiveVersion = 1;
	classes = {
	};
	objectVersion = 46;
	objects = {

/* Begin PBXBuildFile section */
		0503313B19FD210D0089E7F1 /* LGChallengeViewController.swift in Sources */ = {isa = PBXBuildFile; fileRef = 0503313A19FD210D0089E7F1 /* LGChallengeViewController.swift */; };
		0503313D19FD226F0089E7F1 /* LGRepeatViewController.swift in Sources */ = {isa = PBXBuildFile; fileRef = 0503313C19FD226F0089E7F1 /* LGRepeatViewController.swift */; };
		0503314519FD2EC10089E7F1 /* LGFriendTableViewCell.swift in Sources */ = {isa = PBXBuildFile; fileRef = 0503314419FD2EC10089E7F1 /* LGFriendTableViewCell.swift */; };
		050603301A097A1B00351C04 /* LGActiveMatchesClient.m in Sources */ = {isa = PBXBuildFile; fileRef = 0506032F1A097A1B00351C04 /* LGActiveMatchesClient.m */; };
		052AE4591A0A7EAC008CDE74 /* LGMatchRequestPopoverView.swift in Sources */ = {isa = PBXBuildFile; fileRef = 052AE4581A0A7EAC008CDE74 /* LGMatchRequestPopoverView.swift */; };
		052AE45B1A0A7EBF008CDE74 /* LGMatchRequestPopoverView.xib in Resources */ = {isa = PBXBuildFile; fileRef = 052AE45A1A0A7EBF008CDE74 /* LGMatchRequestPopoverView.xib */; };
		052AE45F1A0A8487008CDE74 /* LGMatchRequestPopoverDelegate.swift in Sources */ = {isa = PBXBuildFile; fileRef = 052AE45E1A0A8487008CDE74 /* LGMatchRequestPopoverDelegate.swift */; };
		052AE4641A0AA0A4008CDE74 /* LGUserClient.m in Sources */ = {isa = PBXBuildFile; fileRef = 052AE4631A0AA0A4008CDE74 /* LGUserClient.m */; };
		052AE4661A0AC37D008CDE74 /* LGMatchAcceptPopoverView.swift in Sources */ = {isa = PBXBuildFile; fileRef = 052AE4651A0AC37D008CDE74 /* LGMatchAcceptPopoverView.swift */; };
		0542FA0F19F9A6F5004207EA /* LGRootViewController.swift in Sources */ = {isa = PBXBuildFile; fileRef = 0542FA0E19F9A6F5004207EA /* LGRootViewController.swift */; };
		055942151A07C1030005A09D /* Match.swift in Sources */ = {isa = PBXBuildFile; fileRef = 0559420D1A07C1030005A09D /* Match.swift */; };
		055942161A07C1030005A09D /* Word.swift in Sources */ = {isa = PBXBuildFile; fileRef = 0559420E1A07C1030005A09D /* Word.swift */; };
		055942171A07C1030005A09D /* User.swift in Sources */ = {isa = PBXBuildFile; fileRef = 0559420F1A07C1030005A09D /* User.swift */; };
		055942191A07C1030005A09D /* LGCoreDataManager.m in Sources */ = {isa = PBXBuildFile; fileRef = 055942121A07C1030005A09D /* LGCoreDataManager.m */; };
		0559421A1A07C1030005A09D /* CoreDataManager.swift in Sources */ = {isa = PBXBuildFile; fileRef = 055942131A07C1030005A09D /* CoreDataManager.swift */; };
		0559421C1A07C14E0005A09D /* WebServiceClient.swift in Sources */ = {isa = PBXBuildFile; fileRef = 0559421B1A07C14E0005A09D /* WebServiceClient.swift */; };
		055942201A07C1720005A09D /* LGGamingViewController.swift in Sources */ = {isa = PBXBuildFile; fileRef = 0559421D1A07C1720005A09D /* LGGamingViewController.swift */; };
		055942211A07C1720005A09D /* LGMatchmakingAnimatingView.swift in Sources */ = {isa = PBXBuildFile; fileRef = 0559421E1A07C1720005A09D /* LGMatchmakingAnimatingView.swift */; };
		055942311A07C1CC0005A09D /* LGMatchClient.m in Sources */ = {isa = PBXBuildFile; fileRef = 055942251A07C1CC0005A09D /* LGMatchClient.m */; };
		055942321A07C1CC0005A09D /* LGFacebookClient.m in Sources */ = {isa = PBXBuildFile; fileRef = 055942271A07C1CC0005A09D /* LGFacebookClient.m */; };
		055942331A07C1CC0005A09D /* LGMatchmakingClient.m in Sources */ = {isa = PBXBuildFile; fileRef = 055942281A07C1CC0005A09D /* LGMatchmakingClient.m */; };
		055942341A07C1CC0005A09D /* LGLoginClient.m in Sources */ = {isa = PBXBuildFile; fileRef = 0559422B1A07C1CC0005A09D /* LGLoginClient.m */; };
		055942351A07C1CC0005A09D /* LGClient.m in Sources */ = {isa = PBXBuildFile; fileRef = 0559422E1A07C1CC0005A09D /* LGClient.m */; };
		055942361A07C1CC0005A09D /* LGVocabularyClient.m in Sources */ = {isa = PBXBuildFile; fileRef = 055942301A07C1CC0005A09D /* LGVocabularyClient.m */; };
		055942411A07C24F0005A09D /* PNTUtility.m in Sources */ = {isa = PBXBuildFile; fileRef = 0559423B1A07C24E0005A09D /* PNTUtility.m */; };
		055942421A07C24F0005A09D /* PNTButton.m in Sources */ = {isa = PBXBuildFile; fileRef = 0559423D1A07C24F0005A09D /* PNTButton.m */; };
		055942431A07C24F0005A09D /* LGProgressBar.m in Sources */ = {isa = PBXBuildFile; fileRef = 0559423F1A07C24F0005A09D /* LGProgressBar.m */; };
		055942461A07C28B0005A09D /* lanGuruSwift.xcdatamodeld in Sources */ = {isa = PBXBuildFile; fileRef = 055942441A07C28B0005A09D /* lanGuruSwift.xcdatamodeld */; };
		057C81371A005131004C63AA /* LGPostGameViewController.swift in Sources */ = {isa = PBXBuildFile; fileRef = 057C81361A005131004C63AA /* LGPostGameViewController.swift */; };
		0581057019F7FE7F000FB82A /* LGLoginViewController.swift in Sources */ = {isa = PBXBuildFile; fileRef = 0581056F19F7FE7F000FB82A /* LGLoginViewController.swift */; };
		0593007619F53CBD004526DC /* AppDelegate.swift in Sources */ = {isa = PBXBuildFile; fileRef = 0593007519F53CBD004526DC /* AppDelegate.swift */; };
		0593008019F53CBD004526DC /* Images.xcassets in Resources */ = {isa = PBXBuildFile; fileRef = 0593007F19F53CBD004526DC /* Images.xcassets */; };
		0593008319F53CBD004526DC /* LaunchScreen.xib in Resources */ = {isa = PBXBuildFile; fileRef = 0593008119F53CBD004526DC /* LaunchScreen.xib */; };
		0593008F19F53CBD004526DC /* lanGuruSwiftTests.swift in Sources */ = {isa = PBXBuildFile; fileRef = 0593008E19F53CBD004526DC /* lanGuruSwiftTests.swift */; };
		0593009F19F53CF4004526DC /* Main.storyboard in Resources */ = {isa = PBXBuildFile; fileRef = 0593009E19F53CF4004526DC /* Main.storyboard */; };
		05C254C21A0002ED00AA05FD /* LGMatchmakingViewController.swift in Sources */ = {isa = PBXBuildFile; fileRef = 05C254C11A0002ED00AA05FD /* LGMatchmakingViewController.swift */; };
		05FB9A8219F97EA200FBD772 /* LGProfileViewController.swift in Sources */ = {isa = PBXBuildFile; fileRef = 05FB9A8119F97EA200FBD772 /* LGProfileViewController.swift */; };
		05FB9A8419F9920000FBD772 /* LGRegistrationViewController.swift in Sources */ = {isa = PBXBuildFile; fileRef = 05FB9A8319F9920000FBD772 /* LGRegistrationViewController.swift */; };
		1D85B55CAF1C58C7672A8E72 /* libPods.a in Frameworks */ = {isa = PBXBuildFile; fileRef = C62C723800CCDC4C71B44BF5 /* libPods.a */; };
/* End PBXBuildFile section */

/* Begin PBXContainerItemProxy section */
		0593008919F53CBD004526DC /* PBXContainerItemProxy */ = {
			isa = PBXContainerItemProxy;
			containerPortal = 0593006819F53CBD004526DC /* Project object */;
			proxyType = 1;
			remoteGlobalIDString = 0593006F19F53CBD004526DC;
			remoteInfo = lanGuruSwift;
		};
/* End PBXContainerItemProxy section */

/* Begin PBXFileReference section */
		0503313A19FD210D0089E7F1 /* LGChallengeViewController.swift */ = {isa = PBXFileReference; fileEncoding = 4; lastKnownFileType = sourcecode.swift; name = LGChallengeViewController.swift; path = UI/LGChallengeViewController.swift; sourceTree = "<group>"; };
		0503313C19FD226F0089E7F1 /* LGRepeatViewController.swift */ = {isa = PBXFileReference; fileEncoding = 4; lastKnownFileType = sourcecode.swift; name = LGRepeatViewController.swift; path = UI/LGRepeatViewController.swift; sourceTree = "<group>"; };
		0503314419FD2EC10089E7F1 /* LGFriendTableViewCell.swift */ = {isa = PBXFileReference; fileEncoding = 4; lastKnownFileType = sourcecode.swift; name = LGFriendTableViewCell.swift; path = UI/LGFriendTableViewCell.swift; sourceTree = "<group>"; };
		0506032E1A097A1B00351C04 /* LGActiveMatchesClient.h */ = {isa = PBXFileReference; fileEncoding = 4; lastKnownFileType = sourcecode.c.h; name = LGActiveMatchesClient.h; path = NetworkLayer/LGActiveMatchesClient.h; sourceTree = "<group>"; };
		0506032F1A097A1B00351C04 /* LGActiveMatchesClient.m */ = {isa = PBXFileReference; fileEncoding = 4; lastKnownFileType = sourcecode.c.objc; name = LGActiveMatchesClient.m; path = NetworkLayer/LGActiveMatchesClient.m; sourceTree = "<group>"; };
		052AE4581A0A7EAC008CDE74 /* LGMatchRequestPopoverView.swift */ = {isa = PBXFileReference; fileEncoding = 4; lastKnownFileType = sourcecode.swift; name = LGMatchRequestPopoverView.swift; path = UI/LGMatchRequestPopoverView.swift; sourceTree = "<group>"; };
		052AE45A1A0A7EBF008CDE74 /* LGMatchRequestPopoverView.xib */ = {isa = PBXFileReference; fileEncoding = 4; lastKnownFileType = file.xib; name = LGMatchRequestPopoverView.xib; path = UI/LGMatchRequestPopoverView.xib; sourceTree = "<group>"; };
		052AE45E1A0A8487008CDE74 /* LGMatchRequestPopoverDelegate.swift */ = {isa = PBXFileReference; fileEncoding = 4; lastKnownFileType = sourcecode.swift; name = LGMatchRequestPopoverDelegate.swift; path = UI/LGMatchRequestPopoverDelegate.swift; sourceTree = "<group>"; };
		052AE4621A0AA0A4008CDE74 /* LGUserClient.h */ = {isa = PBXFileReference; fileEncoding = 4; lastKnownFileType = sourcecode.c.h; name = LGUserClient.h; path = NetworkLayer/LGUserClient.h; sourceTree = "<group>"; };
		052AE4631A0AA0A4008CDE74 /* LGUserClient.m */ = {isa = PBXFileReference; fileEncoding = 4; lastKnownFileType = sourcecode.c.objc; name = LGUserClient.m; path = NetworkLayer/LGUserClient.m; sourceTree = "<group>"; };
		052AE4651A0AC37D008CDE74 /* LGMatchAcceptPopoverView.swift */ = {isa = PBXFileReference; fileEncoding = 4; lastKnownFileType = sourcecode.swift; name = LGMatchAcceptPopoverView.swift; path = UI/LGMatchAcceptPopoverView.swift; sourceTree = "<group>"; };
		0542FA0E19F9A6F5004207EA /* LGRootViewController.swift */ = {isa = PBXFileReference; fileEncoding = 4; lastKnownFileType = sourcecode.swift; name = LGRootViewController.swift; path = UI/LGRootViewController.swift; sourceTree = "<group>"; };
		0559420D1A07C1030005A09D /* Match.swift */ = {isa = PBXFileReference; fileEncoding = 4; lastKnownFileType = sourcecode.swift; name = Match.swift; path = DataLayer/Match.swift; sourceTree = "<group>"; };
		0559420E1A07C1030005A09D /* Word.swift */ = {isa = PBXFileReference; fileEncoding = 4; lastKnownFileType = sourcecode.swift; name = Word.swift; path = DataLayer/Word.swift; sourceTree = "<group>"; };
		0559420F1A07C1030005A09D /* User.swift */ = {isa = PBXFileReference; fileEncoding = 4; lastKnownFileType = sourcecode.swift; name = User.swift; path = DataLayer/User.swift; sourceTree = "<group>"; };
		055942121A07C1030005A09D /* LGCoreDataManager.m */ = {isa = PBXFileReference; fileEncoding = 4; lastKnownFileType = sourcecode.c.objc; name = LGCoreDataManager.m; path = DataLayer/LGCoreDataManager.m; sourceTree = "<group>"; };
		055942131A07C1030005A09D /* CoreDataManager.swift */ = {isa = PBXFileReference; fileEncoding = 4; lastKnownFileType = sourcecode.swift; name = CoreDataManager.swift; path = DataLayer/CoreDataManager.swift; sourceTree = "<group>"; };
		055942141A07C1030005A09D /* LGCoreDataManager.h */ = {isa = PBXFileReference; fileEncoding = 4; lastKnownFileType = sourcecode.c.h; name = LGCoreDataManager.h; path = DataLayer/LGCoreDataManager.h; sourceTree = "<group>"; };
		0559421B1A07C14E0005A09D /* WebServiceClient.swift */ = {isa = PBXFileReference; fileEncoding = 4; lastKnownFileType = sourcecode.swift; name = WebServiceClient.swift; path = NetworkLayer/WebServiceClient.swift; sourceTree = "<group>"; };
		0559421D1A07C1720005A09D /* LGGamingViewController.swift */ = {isa = PBXFileReference; fileEncoding = 4; lastKnownFileType = sourcecode.swift; name = LGGamingViewController.swift; path = UI/LGGamingViewController.swift; sourceTree = "<group>"; };
		0559421E1A07C1720005A09D /* LGMatchmakingAnimatingView.swift */ = {isa = PBXFileReference; fileEncoding = 4; lastKnownFileType = sourcecode.swift; name = LGMatchmakingAnimatingView.swift; path = UI/LGMatchmakingAnimatingView.swift; sourceTree = "<group>"; };
		055942251A07C1CC0005A09D /* LGMatchClient.m */ = {isa = PBXFileReference; fileEncoding = 4; lastKnownFileType = sourcecode.c.objc; name = LGMatchClient.m; path = NetworkLayer/LGMatchClient.m; sourceTree = "<group>"; };
		055942261A07C1CC0005A09D /* LGMatchClient.h */ = {isa = PBXFileReference; fileEncoding = 4; lastKnownFileType = sourcecode.c.h; name = LGMatchClient.h; path = NetworkLayer/LGMatchClient.h; sourceTree = "<group>"; };
		055942271A07C1CC0005A09D /* LGFacebookClient.m */ = {isa = PBXFileReference; fileEncoding = 4; lastKnownFileType = sourcecode.c.objc; name = LGFacebookClient.m; path = NetworkLayer/LGFacebookClient.m; sourceTree = "<group>"; };
		055942281A07C1CC0005A09D /* LGMatchmakingClient.m */ = {isa = PBXFileReference; fileEncoding = 4; lastKnownFileType = sourcecode.c.objc; name = LGMatchmakingClient.m; path = NetworkLayer/LGMatchmakingClient.m; sourceTree = "<group>"; };
		055942291A07C1CC0005A09D /* LGLoginClient.h */ = {isa = PBXFileReference; fileEncoding = 4; lastKnownFileType = sourcecode.c.h; name = LGLoginClient.h; path = NetworkLayer/LGLoginClient.h; sourceTree = "<group>"; };
		0559422A1A07C1CC0005A09D /* LGMatchmakingClient.h */ = {isa = PBXFileReference; fileEncoding = 4; lastKnownFileType = sourcecode.c.h; name = LGMatchmakingClient.h; path = NetworkLayer/LGMatchmakingClient.h; sourceTree = "<group>"; };
		0559422B1A07C1CC0005A09D /* LGLoginClient.m */ = {isa = PBXFileReference; fileEncoding = 4; lastKnownFileType = sourcecode.c.objc; name = LGLoginClient.m; path = NetworkLayer/LGLoginClient.m; sourceTree = "<group>"; };
		0559422C1A07C1CC0005A09D /* LGFacebookClient.h */ = {isa = PBXFileReference; fileEncoding = 4; lastKnownFileType = sourcecode.c.h; name = LGFacebookClient.h; path = NetworkLayer/LGFacebookClient.h; sourceTree = "<group>"; };
		0559422D1A07C1CC0005A09D /* LGClient.h */ = {isa = PBXFileReference; fileEncoding = 4; lastKnownFileType = sourcecode.c.h; name = LGClient.h; path = NetworkLayer/LGClient.h; sourceTree = "<group>"; };
		0559422E1A07C1CC0005A09D /* LGClient.m */ = {isa = PBXFileReference; fileEncoding = 4; lastKnownFileType = sourcecode.c.objc; name = LGClient.m; path = NetworkLayer/LGClient.m; sourceTree = "<group>"; };
		0559422F1A07C1CC0005A09D /* LGVocabularyClient.h */ = {isa = PBXFileReference; fileEncoding = 4; lastKnownFileType = sourcecode.c.h; name = LGVocabularyClient.h; path = NetworkLayer/LGVocabularyClient.h; sourceTree = "<group>"; };
		055942301A07C1CC0005A09D /* LGVocabularyClient.m */ = {isa = PBXFileReference; fileEncoding = 4; lastKnownFileType = sourcecode.c.objc; name = LGVocabularyClient.m; path = NetworkLayer/LGVocabularyClient.m; sourceTree = "<group>"; };
		0559423B1A07C24E0005A09D /* PNTUtility.m */ = {isa = PBXFileReference; fileEncoding = 4; lastKnownFileType = sourcecode.c.objc; name = PNTUtility.m; path = OldCode/PNTUtility.m; sourceTree = "<group>"; };
		0559423C1A07C24E0005A09D /* PNTUtility.h */ = {isa = PBXFileReference; fileEncoding = 4; lastKnownFileType = sourcecode.c.h; name = PNTUtility.h; path = OldCode/PNTUtility.h; sourceTree = "<group>"; };
		0559423D1A07C24F0005A09D /* PNTButton.m */ = {isa = PBXFileReference; fileEncoding = 4; lastKnownFileType = sourcecode.c.objc; name = PNTButton.m; path = OldCode/PNTButton.m; sourceTree = "<group>"; };
		0559423E1A07C24F0005A09D /* LGProgressBar.h */ = {isa = PBXFileReference; fileEncoding = 4; lastKnownFileType = sourcecode.c.h; name = LGProgressBar.h; path = OldCode/LGProgressBar.h; sourceTree = "<group>"; };
		0559423F1A07C24F0005A09D /* LGProgressBar.m */ = {isa = PBXFileReference; fileEncoding = 4; lastKnownFileType = sourcecode.c.objc; name = LGProgressBar.m; path = OldCode/LGProgressBar.m; sourceTree = "<group>"; };
		055942401A07C24F0005A09D /* PNTButton.h */ = {isa = PBXFileReference; fileEncoding = 4; lastKnownFileType = sourcecode.c.h; name = PNTButton.h; path = OldCode/PNTButton.h; sourceTree = "<group>"; };
		055942451A07C28B0005A09D /* lanGuruSwift.xcdatamodel */ = {isa = PBXFileReference; lastKnownFileType = wrapper.xcdatamodel; path = lanGuruSwift.xcdatamodel; sourceTree = "<group>"; };
		057C81361A005131004C63AA /* LGPostGameViewController.swift */ = {isa = PBXFileReference; fileEncoding = 4; lastKnownFileType = sourcecode.swift; name = LGPostGameViewController.swift; path = UI/LGPostGameViewController.swift; sourceTree = "<group>"; };
		0581056F19F7FE7F000FB82A /* LGLoginViewController.swift */ = {isa = PBXFileReference; fileEncoding = 4; lastKnownFileType = sourcecode.swift; name = LGLoginViewController.swift; path = UI/LGLoginViewController.swift; sourceTree = "<group>"; };
		0593007019F53CBD004526DC /* lanGuruSwift.app */ = {isa = PBXFileReference; explicitFileType = wrapper.application; includeInIndex = 0; path = lanGuruSwift.app; sourceTree = BUILT_PRODUCTS_DIR; };
		0593007419F53CBD004526DC /* Info.plist */ = {isa = PBXFileReference; lastKnownFileType = text.plist.xml; path = Info.plist; sourceTree = "<group>"; };
		0593007519F53CBD004526DC /* AppDelegate.swift */ = {isa = PBXFileReference; lastKnownFileType = sourcecode.swift; path = AppDelegate.swift; sourceTree = "<group>"; };
		0593007F19F53CBD004526DC /* Images.xcassets */ = {isa = PBXFileReference; lastKnownFileType = folder.assetcatalog; path = Images.xcassets; sourceTree = "<group>"; };
		0593008219F53CBD004526DC /* Base */ = {isa = PBXFileReference; lastKnownFileType = file.xib; name = Base; path = Base.lproj/LaunchScreen.xib; sourceTree = "<group>"; };
		0593008819F53CBD004526DC /* lanGuruSwiftTests.xctest */ = {isa = PBXFileReference; explicitFileType = wrapper.cfbundle; includeInIndex = 0; path = lanGuruSwiftTests.xctest; sourceTree = BUILT_PRODUCTS_DIR; };
		0593008D19F53CBD004526DC /* Info.plist */ = {isa = PBXFileReference; lastKnownFileType = text.plist.xml; path = Info.plist; sourceTree = "<group>"; };
		0593008E19F53CBD004526DC /* lanGuruSwiftTests.swift */ = {isa = PBXFileReference; lastKnownFileType = sourcecode.swift; path = lanGuruSwiftTests.swift; sourceTree = "<group>"; };
		0593009E19F53CF4004526DC /* Main.storyboard */ = {isa = PBXFileReference; fileEncoding = 4; lastKnownFileType = file.storyboard; path = Main.storyboard; sourceTree = "<group>"; };
		059300A619F53DC2004526DC /* lanGuruSwift-Bridging-Header.h */ = {isa = PBXFileReference; fileEncoding = 4; lastKnownFileType = sourcecode.c.h; path = "lanGuruSwift-Bridging-Header.h"; sourceTree = "<group>"; };
		05C254C11A0002ED00AA05FD /* LGMatchmakingViewController.swift */ = {isa = PBXFileReference; fileEncoding = 4; lastKnownFileType = sourcecode.swift; name = LGMatchmakingViewController.swift; path = UI/LGMatchmakingViewController.swift; sourceTree = "<group>"; };
		05FB9A8119F97EA200FBD772 /* LGProfileViewController.swift */ = {isa = PBXFileReference; fileEncoding = 4; lastKnownFileType = sourcecode.swift; name = LGProfileViewController.swift; path = UI/LGProfileViewController.swift; sourceTree = "<group>"; };
		05FB9A8319F9920000FBD772 /* LGRegistrationViewController.swift */ = {isa = PBXFileReference; fileEncoding = 4; lastKnownFileType = sourcecode.swift; name = LGRegistrationViewController.swift; path = UI/LGRegistrationViewController.swift; sourceTree = "<group>"; };
		4CCF9536C539C4E903C538C5 /* Pods.debug.xcconfig */ = {isa = PBXFileReference; includeInIndex = 1; lastKnownFileType = text.xcconfig; name = Pods.debug.xcconfig; path = "Pods/Target Support Files/Pods/Pods.debug.xcconfig"; sourceTree = "<group>"; };
		78A1DBED9B8503ADC4578BA9 /* Pods.release.xcconfig */ = {isa = PBXFileReference; includeInIndex = 1; lastKnownFileType = text.xcconfig; name = Pods.release.xcconfig; path = "Pods/Target Support Files/Pods/Pods.release.xcconfig"; sourceTree = "<group>"; };
		C62C723800CCDC4C71B44BF5 /* libPods.a */ = {isa = PBXFileReference; explicitFileType = archive.ar; includeInIndex = 0; path = libPods.a; sourceTree = BUILT_PRODUCTS_DIR; };
/* End PBXFileReference section */

/* Begin PBXFrameworksBuildPhase section */
		0593006D19F53CBD004526DC /* Frameworks */ = {
			isa = PBXFrameworksBuildPhase;
			buildActionMask = 2147483647;
			files = (
				1D85B55CAF1C58C7672A8E72 /* libPods.a in Frameworks */,
			);
			runOnlyForDeploymentPostprocessing = 0;
		};
		0593008519F53CBD004526DC /* Frameworks */ = {
			isa = PBXFrameworksBuildPhase;
			buildActionMask = 2147483647;
			files = (
			);
			runOnlyForDeploymentPostprocessing = 0;
		};
/* End PBXFrameworksBuildPhase section */

/* Begin PBXGroup section */
		052AE4671A0AC382008CDE74 /* Popover */ = {
			isa = PBXGroup;
			children = (
				052AE45E1A0A8487008CDE74 /* LGMatchRequestPopoverDelegate.swift */,
				052AE4651A0AC37D008CDE74 /* LGMatchAcceptPopoverView.swift */,
				052AE4581A0A7EAC008CDE74 /* LGMatchRequestPopoverView.swift */,
				052AE45A1A0A7EBF008CDE74 /* LGMatchRequestPopoverView.xib */,
			);
			name = Popover;
			sourceTree = "<group>";
		};
		055942231A07C19B0005A09D /* Login/Registration */ = {
			isa = PBXGroup;
			children = (
				0581056F19F7FE7F000FB82A /* LGLoginViewController.swift */,
				05FB9A8319F9920000FBD772 /* LGRegistrationViewController.swift */,
				0542FA0E19F9A6F5004207EA /* LGRootViewController.swift */,
			);
			name = Login/Registration;
			sourceTree = "<group>";
		};
		055942241A07C1BE0005A09D /* NetworkLayer */ = {
			isa = PBXGroup;
			children = (
				0559422D1A07C1CC0005A09D /* LGClient.h */,
				0559422E1A07C1CC0005A09D /* LGClient.m */,
				055942261A07C1CC0005A09D /* LGMatchClient.h */,
				055942251A07C1CC0005A09D /* LGMatchClient.m */,
				0559422C1A07C1CC0005A09D /* LGFacebookClient.h */,
				055942271A07C1CC0005A09D /* LGFacebookClient.m */,
				052AE4621A0AA0A4008CDE74 /* LGUserClient.h */,
				052AE4631A0AA0A4008CDE74 /* LGUserClient.m */,
				055942291A07C1CC0005A09D /* LGLoginClient.h */,
				0559422B1A07C1CC0005A09D /* LGLoginClient.m */,
				0559422A1A07C1CC0005A09D /* LGMatchmakingClient.h */,
				055942281A07C1CC0005A09D /* LGMatchmakingClient.m */,
				0506032E1A097A1B00351C04 /* LGActiveMatchesClient.h */,
				0506032F1A097A1B00351C04 /* LGActiveMatchesClient.m */,
				0559422F1A07C1CC0005A09D /* LGVocabularyClient.h */,
				055942301A07C1CC0005A09D /* LGVocabularyClient.m */,
			);
			name = NetworkLayer;
			sourceTree = "<group>";
		};
		0559423A1A07C2390005A09D /* oldCode */ = {
			isa = PBXGroup;
			children = (
				0559423B1A07C24E0005A09D /* PNTUtility.m */,
				0559423C1A07C24E0005A09D /* PNTUtility.h */,
				0559423D1A07C24F0005A09D /* PNTButton.m */,
				0559423E1A07C24F0005A09D /* LGProgressBar.h */,
				0559423F1A07C24F0005A09D /* LGProgressBar.m */,
				055942401A07C24F0005A09D /* PNTButton.h */,
			);
			name = oldCode;
			sourceTree = "<group>";
		};
		057C81201A002AE0004C63AA /* Gaming */ = {
			isa = PBXGroup;
			children = (
				0559421D1A07C1720005A09D /* LGGamingViewController.swift */,
				057C81361A005131004C63AA /* LGPostGameViewController.swift */,
			);
			name = Gaming;
			sourceTree = "<group>";
		};
		057C81211A002AE8004C63AA /* Matchmaking */ = {
			isa = PBXGroup;
			children = (
				05C254C11A0002ED00AA05FD /* LGMatchmakingViewController.swift */,
				0559421E1A07C1720005A09D /* LGMatchmakingAnimatingView.swift */,
			);
			name = Matchmaking;
			sourceTree = "<group>";
		};
		057C81221A002AFA004C63AA /* TabBar */ = {
			isa = PBXGroup;
			children = (
				05FB9A8119F97EA200FBD772 /* LGProfileViewController.swift */,
				0503314419FD2EC10089E7F1 /* LGFriendTableViewCell.swift */,
				0503313C19FD226F0089E7F1 /* LGRepeatViewController.swift */,
				0503313A19FD210D0089E7F1 /* LGChallengeViewController.swift */,
				052AE4671A0AC382008CDE74 /* Popover */,
			);
			name = TabBar;
			sourceTree = "<group>";
		};
		0593006719F53CBC004526DC = {
			isa = PBXGroup;
			children = (
				0593007219F53CBD004526DC /* lanGuruSwift */,
				0593008B19F53CBD004526DC /* lanGuruSwiftTests */,
				0593007119F53CBD004526DC /* Products */,
				A159276B8B3D7ED70020B1B5 /* Pods */,
				6FDEB49FA8BE8EAE0319D58F /* Frameworks */,
			);
			sourceTree = "<group>";
		};
		0593007119F53CBD004526DC /* Products */ = {
			isa = PBXGroup;
			children = (
				0593007019F53CBD004526DC /* lanGuruSwift.app */,
				0593008819F53CBD004526DC /* lanGuruSwiftTests.xctest */,
			);
			name = Products;
			sourceTree = "<group>";
		};
		0593007219F53CBD004526DC /* lanGuruSwift */ = {
			isa = PBXGroup;
			children = (
				055942241A07C1BE0005A09D /* NetworkLayer */,
				059300C419F57154004526DC /* UserInterface */,
				059300C219F57130004526DC /* DataLayer */,
				05FB9A7D19F973F300FBD772 /* Unused */,
				0559423A1A07C2390005A09D /* oldCode */,
				0593007519F53CBD004526DC /* AppDelegate.swift */,
				0593009E19F53CF4004526DC /* Main.storyboard */,
				0593008119F53CBD004526DC /* LaunchScreen.xib */,
				0593007319F53CBD004526DC /* Supporting Files */,
			);
			path = lanGuruSwift;
			sourceTree = "<group>";
		};
		0593007319F53CBD004526DC /* Supporting Files */ = {
			isa = PBXGroup;
			children = (
				0593007F19F53CBD004526DC /* Images.xcassets */,
				0593007419F53CBD004526DC /* Info.plist */,
				059300A619F53DC2004526DC /* lanGuruSwift-Bridging-Header.h */,
			);
			name = "Supporting Files";
			sourceTree = "<group>";
		};
		0593008B19F53CBD004526DC /* lanGuruSwiftTests */ = {
			isa = PBXGroup;
			children = (
				0593008E19F53CBD004526DC /* lanGuruSwiftTests.swift */,
				0593008C19F53CBD004526DC /* Supporting Files */,
			);
			path = lanGuruSwiftTests;
			sourceTree = "<group>";
		};
		0593008C19F53CBD004526DC /* Supporting Files */ = {
			isa = PBXGroup;
			children = (
				0593008D19F53CBD004526DC /* Info.plist */,
			);
			name = "Supporting Files";
			sourceTree = "<group>";
		};
		059300C219F57130004526DC /* DataLayer */ = {
			isa = PBXGroup;
			children = (
				055942441A07C28B0005A09D /* lanGuruSwift.xcdatamodeld */,
				0559420D1A07C1030005A09D /* Match.swift */,
				0559420E1A07C1030005A09D /* Word.swift */,
				0559420F1A07C1030005A09D /* User.swift */,
				055942141A07C1030005A09D /* LGCoreDataManager.h */,
				055942121A07C1030005A09D /* LGCoreDataManager.m */,
			);
			name = DataLayer;
			sourceTree = "<group>";
		};
		059300C419F57154004526DC /* UserInterface */ = {
			isa = PBXGroup;
			children = (
				055942231A07C19B0005A09D /* Login/Registration */,
				057C81221A002AFA004C63AA /* TabBar */,
				057C81211A002AE8004C63AA /* Matchmaking */,
				057C81201A002AE0004C63AA /* Gaming */,
			);
			name = UserInterface;
			sourceTree = "<group>";
		};
		05FB9A7D19F973F300FBD772 /* Unused */ = {
			isa = PBXGroup;
			children = (
				0559421B1A07C14E0005A09D /* WebServiceClient.swift */,
				055942131A07C1030005A09D /* CoreDataManager.swift */,
			);
			name = Unused;
			sourceTree = "<group>";
		};
		6FDEB49FA8BE8EAE0319D58F /* Frameworks */ = {
			isa = PBXGroup;
			children = (
				C62C723800CCDC4C71B44BF5 /* libPods.a */,
			);
			name = Frameworks;
			sourceTree = "<group>";
		};
		A159276B8B3D7ED70020B1B5 /* Pods */ = {
			isa = PBXGroup;
			children = (
				4CCF9536C539C4E903C538C5 /* Pods.debug.xcconfig */,
				78A1DBED9B8503ADC4578BA9 /* Pods.release.xcconfig */,
			);
			name = Pods;
			sourceTree = "<group>";
		};
/* End PBXGroup section */

/* Begin PBXNativeTarget section */
		0593006F19F53CBD004526DC /* lanGuruSwift */ = {
			isa = PBXNativeTarget;
			buildConfigurationList = 0593009219F53CBD004526DC /* Build configuration list for PBXNativeTarget "lanGuruSwift" */;
			buildPhases = (
				D0764F274258FBD8D5E184A2 /* Check Pods Manifest.lock */,
				0593006C19F53CBD004526DC /* Sources */,
				0593006D19F53CBD004526DC /* Frameworks */,
				0593006E19F53CBD004526DC /* Resources */,
				77C01A897DAB92E10623D4B6 /* Copy Pods Resources */,
			);
			buildRules = (
			);
			dependencies = (
			);
			name = lanGuruSwift;
			productName = lanGuruSwift;
			productReference = 0593007019F53CBD004526DC /* lanGuruSwift.app */;
			productType = "com.apple.product-type.application";
		};
		0593008719F53CBD004526DC /* lanGuruSwiftTests */ = {
			isa = PBXNativeTarget;
			buildConfigurationList = 0593009519F53CBD004526DC /* Build configuration list for PBXNativeTarget "lanGuruSwiftTests" */;
			buildPhases = (
				0593008419F53CBD004526DC /* Sources */,
				0593008519F53CBD004526DC /* Frameworks */,
				0593008619F53CBD004526DC /* Resources */,
			);
			buildRules = (
			);
			dependencies = (
				0593008A19F53CBD004526DC /* PBXTargetDependency */,
			);
			name = lanGuruSwiftTests;
			productName = lanGuruSwiftTests;
			productReference = 0593008819F53CBD004526DC /* lanGuruSwiftTests.xctest */;
			productType = "com.apple.product-type.bundle.unit-test";
		};
/* End PBXNativeTarget section */

/* Begin PBXProject section */
		0593006819F53CBD004526DC /* Project object */ = {
			isa = PBXProject;
			attributes = {
				LastUpgradeCheck = 0600;
				ORGANIZATIONNAME = "Felix Belau";
				TargetAttributes = {
					0593006F19F53CBD004526DC = {
						CreatedOnToolsVersion = 6.0.1;
					};
					0593008719F53CBD004526DC = {
						CreatedOnToolsVersion = 6.0.1;
						TestTargetID = 0593006F19F53CBD004526DC;
					};
				};
			};
			buildConfigurationList = 0593006B19F53CBD004526DC /* Build configuration list for PBXProject "lanGuruSwift" */;
			compatibilityVersion = "Xcode 3.2";
			developmentRegion = English;
			hasScannedForEncodings = 0;
			knownRegions = (
				en,
				Base,
			);
			mainGroup = 0593006719F53CBC004526DC;
			productRefGroup = 0593007119F53CBD004526DC /* Products */;
			projectDirPath = "";
			projectRoot = "";
			targets = (
				0593006F19F53CBD004526DC /* lanGuruSwift */,
				0593008719F53CBD004526DC /* lanGuruSwiftTests */,
			);
		};
/* End PBXProject section */

/* Begin PBXResourcesBuildPhase section */
		0593006E19F53CBD004526DC /* Resources */ = {
			isa = PBXResourcesBuildPhase;
			buildActionMask = 2147483647;
			files = (
				0593009F19F53CF4004526DC /* Main.storyboard in Resources */,
				052AE45B1A0A7EBF008CDE74 /* LGMatchRequestPopoverView.xib in Resources */,
				0593008319F53CBD004526DC /* LaunchScreen.xib in Resources */,
				0593008019F53CBD004526DC /* Images.xcassets in Resources */,
			);
			runOnlyForDeploymentPostprocessing = 0;
		};
		0593008619F53CBD004526DC /* Resources */ = {
			isa = PBXResourcesBuildPhase;
			buildActionMask = 2147483647;
			files = (
			);
			runOnlyForDeploymentPostprocessing = 0;
		};
/* End PBXResourcesBuildPhase section */

/* Begin PBXShellScriptBuildPhase section */
		77C01A897DAB92E10623D4B6 /* Copy Pods Resources */ = {
			isa = PBXShellScriptBuildPhase;
			buildActionMask = 2147483647;
			files = (
			);
			inputPaths = (
			);
			name = "Copy Pods Resources";
			outputPaths = (
			);
			runOnlyForDeploymentPostprocessing = 0;
			shellPath = /bin/sh;
			shellScript = "\"${SRCROOT}/Pods/Target Support Files/Pods/Pods-resources.sh\"\n";
			showEnvVarsInLog = 0;
		};
		D0764F274258FBD8D5E184A2 /* Check Pods Manifest.lock */ = {
			isa = PBXShellScriptBuildPhase;
			buildActionMask = 2147483647;
			files = (
			);
			inputPaths = (
			);
			name = "Check Pods Manifest.lock";
			outputPaths = (
			);
			runOnlyForDeploymentPostprocessing = 0;
			shellPath = /bin/sh;
			shellScript = "diff \"${PODS_ROOT}/../Podfile.lock\" \"${PODS_ROOT}/Manifest.lock\" > /dev/null\nif [[ $? != 0 ]] ; then\n    cat << EOM\nerror: The sandbox is not in sync with the Podfile.lock. Run 'pod install' or update your CocoaPods installation.\nEOM\n    exit 1\nfi\n";
			showEnvVarsInLog = 0;
		};
/* End PBXShellScriptBuildPhase section */

/* Begin PBXSourcesBuildPhase section */
		0593006C19F53CBD004526DC /* Sources */ = {
			isa = PBXSourcesBuildPhase;
			buildActionMask = 2147483647;
			files = (
				055942151A07C1030005A09D /* Match.swift in Sources */,
				05FB9A8219F97EA200FBD772 /* LGProfileViewController.swift in Sources */,
				0542FA0F19F9A6F5004207EA /* LGRootViewController.swift in Sources */,
				0581057019F7FE7F000FB82A /* LGLoginViewController.swift in Sources */,
				052AE45F1A0A8487008CDE74 /* LGMatchRequestPopoverDelegate.swift in Sources */,
				055942331A07C1CC0005A09D /* LGMatchmakingClient.m in Sources */,
				052AE4591A0A7EAC008CDE74 /* LGMatchRequestPopoverView.swift in Sources */,
				055942161A07C1030005A09D /* Word.swift in Sources */,
				055942311A07C1CC0005A09D /* LGMatchClient.m in Sources */,
				055942321A07C1CC0005A09D /* LGFacebookClient.m in Sources */,
				05C254C21A0002ED00AA05FD /* LGMatchmakingViewController.swift in Sources */,
				0559421C1A07C14E0005A09D /* WebServiceClient.swift in Sources */,
				055942431A07C24F0005A09D /* LGProgressBar.m in Sources */,
				055942341A07C1CC0005A09D /* LGLoginClient.m in Sources */,
				055942171A07C1030005A09D /* User.swift in Sources */,
				055942421A07C24F0005A09D /* PNTButton.m in Sources */,
				0503313D19FD226F0089E7F1 /* LGRepeatViewController.swift in Sources */,
				0503314519FD2EC10089E7F1 /* LGFriendTableViewCell.swift in Sources */,
				0503313B19FD210D0089E7F1 /* LGChallengeViewController.swift in Sources */,
				05FB9A8419F9920000FBD772 /* LGRegistrationViewController.swift in Sources */,
				0559421A1A07C1030005A09D /* CoreDataManager.swift in Sources */,
				055942211A07C1720005A09D /* LGMatchmakingAnimatingView.swift in Sources */,
				0593007619F53CBD004526DC /* AppDelegate.swift in Sources */,
				057C81371A005131004C63AA /* LGPostGameViewController.swift in Sources */,
				055942201A07C1720005A09D /* LGGamingViewController.swift in Sources */,
				055942191A07C1030005A09D /* LGCoreDataManager.m in Sources */,
				052AE4641A0AA0A4008CDE74 /* LGUserClient.m in Sources */,
				055942461A07C28B0005A09D /* lanGuruSwift.xcdatamodeld in Sources */,
				055942411A07C24F0005A09D /* PNTUtility.m in Sources */,
				055942361A07C1CC0005A09D /* LGVocabularyClient.m in Sources */,
				050603301A097A1B00351C04 /* LGActiveMatchesClient.m in Sources */,
				052AE4661A0AC37D008CDE74 /* LGMatchAcceptPopoverView.swift in Sources */,
				055942351A07C1CC0005A09D /* LGClient.m in Sources */,
			);
			runOnlyForDeploymentPostprocessing = 0;
		};
		0593008419F53CBD004526DC /* Sources */ = {
			isa = PBXSourcesBuildPhase;
			buildActionMask = 2147483647;
			files = (
				0593008F19F53CBD004526DC /* lanGuruSwiftTests.swift in Sources */,
			);
			runOnlyForDeploymentPostprocessing = 0;
		};
/* End PBXSourcesBuildPhase section */

/* Begin PBXTargetDependency section */
		0593008A19F53CBD004526DC /* PBXTargetDependency */ = {
			isa = PBXTargetDependency;
			target = 0593006F19F53CBD004526DC /* lanGuruSwift */;
			targetProxy = 0593008919F53CBD004526DC /* PBXContainerItemProxy */;
		};
/* End PBXTargetDependency section */

/* Begin PBXVariantGroup section */
		0593008119F53CBD004526DC /* LaunchScreen.xib */ = {
			isa = PBXVariantGroup;
			children = (
				0593008219F53CBD004526DC /* Base */,
			);
			name = LaunchScreen.xib;
			sourceTree = "<group>";
		};
/* End PBXVariantGroup section */

/* Begin XCBuildConfiguration section */
		0593009019F53CBD004526DC /* Debug */ = {
			isa = XCBuildConfiguration;
			buildSettings = {
				ALWAYS_SEARCH_USER_PATHS = NO;
				CLANG_CXX_LANGUAGE_STANDARD = "gnu++0x";
				CLANG_CXX_LIBRARY = "libc++";
				CLANG_ENABLE_MODULES = YES;
				CLANG_ENABLE_OBJC_ARC = YES;
				CLANG_WARN_BOOL_CONVERSION = YES;
				CLANG_WARN_CONSTANT_CONVERSION = YES;
				CLANG_WARN_DIRECT_OBJC_ISA_USAGE = YES_ERROR;
				CLANG_WARN_EMPTY_BODY = YES;
				CLANG_WARN_ENUM_CONVERSION = YES;
				CLANG_WARN_INT_CONVERSION = YES;
				CLANG_WARN_OBJC_ROOT_CLASS = YES_ERROR;
				CLANG_WARN_UNREACHABLE_CODE = YES;
				CLANG_WARN__DUPLICATE_METHOD_MATCH = YES;
				"CODE_SIGN_IDENTITY[sdk=iphoneos*]" = "iPhone Developer";
				COPY_PHASE_STRIP = NO;
				ENABLE_STRICT_OBJC_MSGSEND = YES;
				GCC_C_LANGUAGE_STANDARD = gnu99;
				GCC_DYNAMIC_NO_PIC = NO;
				GCC_OPTIMIZATION_LEVEL = 0;
				GCC_PREPROCESSOR_DEFINITIONS = (
					"DEBUG=1",
					"$(inherited)",
				);
				GCC_SYMBOLS_PRIVATE_EXTERN = NO;
				GCC_WARN_64_TO_32_BIT_CONVERSION = YES;
				GCC_WARN_ABOUT_RETURN_TYPE = YES_ERROR;
				GCC_WARN_UNDECLARED_SELECTOR = YES;
				GCC_WARN_UNINITIALIZED_AUTOS = YES_AGGRESSIVE;
				GCC_WARN_UNUSED_FUNCTION = YES;
				GCC_WARN_UNUSED_VARIABLE = YES;
				IPHONEOS_DEPLOYMENT_TARGET = 8.0;
				MTL_ENABLE_DEBUG_INFO = YES;
				ONLY_ACTIVE_ARCH = YES;
				SDKROOT = iphoneos;
				SWIFT_OPTIMIZATION_LEVEL = "-Onone";
				TARGETED_DEVICE_FAMILY = "1,2";
			};
			name = Debug;
		};
		0593009119F53CBD004526DC /* Release */ = {
			isa = XCBuildConfiguration;
			buildSettings = {
				ALWAYS_SEARCH_USER_PATHS = NO;
				CLANG_CXX_LANGUAGE_STANDARD = "gnu++0x";
				CLANG_CXX_LIBRARY = "libc++";
				CLANG_ENABLE_MODULES = YES;
				CLANG_ENABLE_OBJC_ARC = YES;
				CLANG_WARN_BOOL_CONVERSION = YES;
				CLANG_WARN_CONSTANT_CONVERSION = YES;
				CLANG_WARN_DIRECT_OBJC_ISA_USAGE = YES_ERROR;
				CLANG_WARN_EMPTY_BODY = YES;
				CLANG_WARN_ENUM_CONVERSION = YES;
				CLANG_WARN_INT_CONVERSION = YES;
				CLANG_WARN_OBJC_ROOT_CLASS = YES_ERROR;
				CLANG_WARN_UNREACHABLE_CODE = YES;
				CLANG_WARN__DUPLICATE_METHOD_MATCH = YES;
				"CODE_SIGN_IDENTITY[sdk=iphoneos*]" = "iPhone Developer";
				COPY_PHASE_STRIP = YES;
				ENABLE_NS_ASSERTIONS = NO;
				ENABLE_STRICT_OBJC_MSGSEND = YES;
				GCC_C_LANGUAGE_STANDARD = gnu99;
				GCC_WARN_64_TO_32_BIT_CONVERSION = YES;
				GCC_WARN_ABOUT_RETURN_TYPE = YES_ERROR;
				GCC_WARN_UNDECLARED_SELECTOR = YES;
				GCC_WARN_UNINITIALIZED_AUTOS = YES_AGGRESSIVE;
				GCC_WARN_UNUSED_FUNCTION = YES;
				GCC_WARN_UNUSED_VARIABLE = YES;
				IPHONEOS_DEPLOYMENT_TARGET = 8.0;
				MTL_ENABLE_DEBUG_INFO = NO;
				SDKROOT = iphoneos;
				TARGETED_DEVICE_FAMILY = "1,2";
				VALIDATE_PRODUCT = YES;
			};
			name = Release;
		};
		0593009319F53CBD004526DC /* Debug */ = {
			isa = XCBuildConfiguration;
			baseConfigurationReference = 4CCF9536C539C4E903C538C5 /* Pods.debug.xcconfig */;
			buildSettings = {
				ASSETCATALOG_COMPILER_APPICON_NAME = AppIcon;
				INFOPLIST_FILE = lanGuruSwift/Info.plist;
				LD_RUNPATH_SEARCH_PATHS = "$(inherited) @executable_path/Frameworks";
				PRODUCT_NAME = "$(TARGET_NAME)";
				SWIFT_OBJC_BRIDGING_HEADER = "lanGuruSwift/lanGuruSwift-Bridging-Header.h";
			};
			name = Debug;
		};
		0593009419F53CBD004526DC /* Release */ = {
			isa = XCBuildConfiguration;
			baseConfigurationReference = 78A1DBED9B8503ADC4578BA9 /* Pods.release.xcconfig */;
			buildSettings = {
				ASSETCATALOG_COMPILER_APPICON_NAME = AppIcon;
				INFOPLIST_FILE = lanGuruSwift/Info.plist;
				LD_RUNPATH_SEARCH_PATHS = "$(inherited) @executable_path/Frameworks";
				PRODUCT_NAME = "$(TARGET_NAME)";
				SWIFT_OBJC_BRIDGING_HEADER = "lanGuruSwift/lanGuruSwift-Bridging-Header.h";
			};
			name = Release;
		};
		0593009619F53CBD004526DC /* Debug */ = {
			isa = XCBuildConfiguration;
			buildSettings = {
				BUNDLE_LOADER = "$(TEST_HOST)";
				FRAMEWORK_SEARCH_PATHS = (
					"$(SDKROOT)/Developer/Library/Frameworks",
					"$(inherited)",
				);
				GCC_PREPROCESSOR_DEFINITIONS = (
					"DEBUG=1",
					"$(inherited)",
				);
				INFOPLIST_FILE = lanGuruSwiftTests/Info.plist;
				LD_RUNPATH_SEARCH_PATHS = "$(inherited) @executable_path/Frameworks @loader_path/Frameworks";
				PRODUCT_NAME = "$(TARGET_NAME)";
				TEST_HOST = "$(BUILT_PRODUCTS_DIR)/lanGuruSwift.app/lanGuruSwift";
			};
			name = Debug;
		};
		0593009719F53CBD004526DC /* Release */ = {
			isa = XCBuildConfiguration;
			buildSettings = {
				BUNDLE_LOADER = "$(TEST_HOST)";
				FRAMEWORK_SEARCH_PATHS = (
					"$(SDKROOT)/Developer/Library/Frameworks",
					"$(inherited)",
				);
				INFOPLIST_FILE = lanGuruSwiftTests/Info.plist;
				LD_RUNPATH_SEARCH_PATHS = "$(inherited) @executable_path/Frameworks @loader_path/Frameworks";
				PRODUCT_NAME = "$(TARGET_NAME)";
				TEST_HOST = "$(BUILT_PRODUCTS_DIR)/lanGuruSwift.app/lanGuruSwift";
			};
			name = Release;
		};
/* End XCBuildConfiguration section */

/* Begin XCConfigurationList section */
		0593006B19F53CBD004526DC /* Build configuration list for PBXProject "lanGuruSwift" */ = {
			isa = XCConfigurationList;
			buildConfigurations = (
				0593009019F53CBD004526DC /* Debug */,
				0593009119F53CBD004526DC /* Release */,
			);
			defaultConfigurationIsVisible = 0;
			defaultConfigurationName = Release;
		};
		0593009219F53CBD004526DC /* Build configuration list for PBXNativeTarget "lanGuruSwift" */ = {
			isa = XCConfigurationList;
			buildConfigurations = (
				0593009319F53CBD004526DC /* Debug */,
				0593009419F53CBD004526DC /* Release */,
			);
			defaultConfigurationIsVisible = 0;
			defaultConfigurationName = Release;
		};
		0593009519F53CBD004526DC /* Build configuration list for PBXNativeTarget "lanGuruSwiftTests" */ = {
			isa = XCConfigurationList;
			buildConfigurations = (
				0593009619F53CBD004526DC /* Debug */,
				0593009719F53CBD004526DC /* Release */,
			);
			defaultConfigurationIsVisible = 0;
			defaultConfigurationName = Release;
		};
/* End XCConfigurationList section */

/* Begin XCVersionGroup section */
		055942441A07C28B0005A09D /* lanGuruSwift.xcdatamodeld */ = {
			isa = XCVersionGroup;
			children = (
				055942451A07C28B0005A09D /* lanGuruSwift.xcdatamodel */,
			);
			currentVersion = 055942451A07C28B0005A09D /* lanGuruSwift.xcdatamodel */;
			path = lanGuruSwift.xcdatamodeld;
			sourceTree = "<group>";
			versionGroupType = wrapper.xcdatamodel;
		};
/* End XCVersionGroup section */
	};
	rootObject = 0593006819F53CBD004526DC /* Project object */;
}
